// !$*UTF8*$!
{
	archiveVersion = 1;
	classes = {
	};
	objectVersion = 46;
	objects = {

/* Begin PBXBuildFile section */
		2479FC701D47CACA001B5294 /* AppDelegate.swift in Sources */ = {isa = PBXBuildFile; fileRef = 2479FC6F1D47CACA001B5294 /* AppDelegate.swift */; };
		2479FC721D47CACA001B5294 /* ViewController.swift in Sources */ = {isa = PBXBuildFile; fileRef = 2479FC711D47CACA001B5294 /* ViewController.swift */; };
		2479FC751D47CACA001B5294 /* Main.storyboard in Resources */ = {isa = PBXBuildFile; fileRef = 2479FC731D47CACA001B5294 /* Main.storyboard */; };
		2479FC771D47CACA001B5294 /* Assets.xcassets in Resources */ = {isa = PBXBuildFile; fileRef = 2479FC761D47CACA001B5294 /* Assets.xcassets */; };
		2479FC7A1D47CACA001B5294 /* LaunchScreen.storyboard in Resources */ = {isa = PBXBuildFile; fileRef = 2479FC781D47CACA001B5294 /* LaunchScreen.storyboard */; };
/* End PBXBuildFile section */

/* Begin PBXFileReference section */
		2479FC6C1D47CACA001B5294 /* How Old Are You.app */ = {isa = PBXFileReference; explicitFileType = wrapper.application; includeInIndex = 0; path = "How Old Are You.app"; sourceTree = BUILT_PRODUCTS_DIR; };
		2479FC6F1D47CACA001B5294 /* AppDelegate.swift */ = {isa = PBXFileReference; lastKnownFileType = sourcecode.swift; path = AppDelegate.swift; sourceTree = "<group>"; };
		2479FC711D47CACA001B5294 /* ViewController.swift */ = {isa = PBXFileReference; lastKnownFileType = sourcecode.swift; path = ViewController.swift; sourceTree = "<group>"; };
		2479FC741D47CACA001B5294 /* Base */ = {isa = PBXFileReference; lastKnownFileType = file.storyboard; name = Base; path = Base.lproj/Main.storyboard; sourceTree = "<group>"; };
		2479FC761D47CACA001B5294 /* Assets.xcassets */ = {isa = PBXFileReference; lastKnownFileType = folder.assetcatalog; path = Assets.xcassets; sourceTree = "<group>"; };
		2479FC791D47CACA001B5294 /* Base */ = {isa = PBXFileReference; lastKnownFileType = file.storyboard; name = Base; path = Base.lproj/LaunchScreen.storyboard; sourceTree = "<group>"; };
		2479FC7B1D47CACA001B5294 /* Info.plist */ = {isa = PBXFileReference; lastKnownFileType = text.plist.xml; path = Info.plist; sourceTree = "<group>"; };
/* End PBXFileReference section */

/* Begin PBXFrameworksBuildPhase section */
		2479FC691D47CACA001B5294 /* Frameworks */ = {
			isa = PBXFrameworksBuildPhase;
			buildActionMask = 2147483647;
			files = (
			);
			runOnlyForDeploymentPostprocessing = 0;
		};
/* End PBXFrameworksBuildPhase section */

/* Begin PBXGroup section */
		2479FC631D47CACA001B5294 = {
			isa = PBXGroup;
			children = (
				2479FC6E1D47CACA001B5294 /* How Old Are You */,
				2479FC6D1D47CACA001B5294 /* Products */,
			);
			sourceTree = "<group>";
		};
		2479FC6D1D47CACA001B5294 /* Products */ = {
			isa = PBXGroup;
			children = (
				2479FC6C1D47CACA001B5294 /* How Old Are You.app */,
			);
			name = Products;
			sourceTree = "<group>";
		};
		2479FC6E1D47CACA001B5294 /* How Old Are You */ = {
			isa = PBXGroup;
			children = (
				2479FC6F1D47CACA001B5294 /* AppDelegate.swift */,
				2479FC711D47CACA001B5294 /* ViewController.swift */,
				2479FC731D47CACA001B5294 /* Main.storyboard */,
				2479FC761D47CACA001B5294 /* Assets.xcassets */,
				2479FC781D47CACA001B5294 /* LaunchScreen.storyboard */,
				2479FC7B1D47CACA001B5294 /* Info.plist */,
			);
			path = "How Old Are You";
			sourceTree = "<group>";
		};
/* End PBXGroup section */

/* Begin PBXNativeTarget section */
		2479FC6B1D47CACA001B5294 /* How Old Are You */ = {
			isa = PBXNativeTarget;
			buildConfigurationList = 2479FC7E1D47CACA001B5294 /* Build configuration list for PBXNativeTarget "How Old Are You" */;
			buildPhases = (
				2479FC681D47CACA001B5294 /* Sources */,
				2479FC691D47CACA001B5294 /* Frameworks */,
				2479FC6A1D47CACA001B5294 /* Resources */,
			);
			buildRules = (
			);
			dependencies = (
			);
			name = "How Old Are You";
			productName = "How Old Are You";
			productReference = 2479FC6C1D47CACA001B5294 /* How Old Are You.app */;
			productType = "com.apple.product-type.application";
		};
/* End PBXNativeTarget section */

/* Begin PBXProject section */
		2479FC641D47CACA001B5294 /* Project object */ = {
			isa = PBXProject;
			attributes = {
				LastSwiftUpdateCheck = 0800;
				LastUpgradeCheck = 0800;
				ORGANIZATIONNAME = "Parth Desai";
				TargetAttributes = {
					2479FC6B1D47CACA001B5294 = {
						CreatedOnToolsVersion = 8.0;
						DevelopmentTeam = KF29YMGV9R;
						DevelopmentTeamName = "Parth Desai";
						ProvisioningStyle = Automatic;
					};
				};
			};
			buildConfigurationList = 2479FC671D47CACA001B5294 /* Build configuration list for PBXProject "How Old Are You" */;
			compatibilityVersion = "Xcode 3.2";
			developmentRegion = English;
			hasScannedForEncodings = 0;
			knownRegions = (
				en,
				Base,
			);
			mainGroup = 2479FC631D47CACA001B5294;
			productRefGroup = 2479FC6D1D47CACA001B5294 /* Products */;
			projectDirPath = "";
			projectRoot = "";
			targets = (
				2479FC6B1D47CACA001B5294 /* How Old Are You */,
			);
		};
/* End PBXProject section */

/* Begin PBXResourcesBuildPhase section */
		2479FC6A1D47CACA001B5294 /* Resources */ = {
			isa = PBXResourcesBuildPhase;
			buildActionMask = 2147483647;
			files = (
				2479FC7A1D47CACA001B5294 /* LaunchScreen.storyboard in Resources */,
				2479FC771D47CACA001B5294 /* Assets.xcassets in Resources */,
				2479FC751D47CACA001B5294 /* Main.storyboard in Resources */,
			);
			runOnlyForDeploymentPostprocessing = 0;
		};
/* End PBXResourcesBuildPhase section */

/* Begin PBXSourcesBuildPhase section */
		2479FC681D47CACA001B5294 /* Sources */ = {
			isa = PBXSourcesBuildPhase;
			buildActionMask = 2147483647;
			files = (
				2479FC721D47CACA001B5294 /* ViewController.swift in Sources */,
				2479FC701D47CACA001B5294 /* AppDelegate.swift in Sources */,
			);
			runOnlyForDeploymentPostprocessing = 0;
		};
/* End PBXSourcesBuildPhase section */

/* Begin PBXVariantGroup section */
		2479FC731D47CACA001B5294 /* Main.storyboard */ = {
			isa = PBXVariantGroup;
			children = (
				2479FC741D47CACA001B5294 /* Base */,
			);
			name = Main.storyboard;
			sourceTree = "<group>";
		};
		2479FC781D47CACA001B5294 /* LaunchScreen.storyboard */ = {
			isa = PBXVariantGroup;
			children = (
				2479FC791D47CACA001B5294 /* Base */,
			);
			name = LaunchScreen.storyboard;
			sourceTree = "<group>";
		};
/* End PBXVariantGroup section */

/* Begin XCBuildConfiguration section */
		2479FC7C1D47CACA001B5294 /* Debug */ = {
			isa = XCBuildConfiguration;
			buildSettings = {
				ALWAYS_SEARCH_USER_PATHS = NO;
				CLANG_ANALYZER_NONNULL = YES;
				CLANG_CXX_LANGUAGE_STANDARD = "gnu++0x";
				CLANG_CXX_LIBRARY = "libc++";
				CLANG_ENABLE_MODULES = YES;
				CLANG_ENABLE_OBJC_ARC = YES;
				CLANG_WARN_BOOL_CONVERSION = YES;
				CLANG_WARN_CONSTANT_CONVERSION = YES;
				CLANG_WARN_DIRECT_OBJC_ISA_USAGE = YES_ERROR;
				CLANG_WARN_DOCUMENTATION_COMMENTS = YES;
				CLANG_WARN_EMPTY_BODY = YES;
				CLANG_WARN_ENUM_CONVERSION = YES;
				CLANG_WARN_INT_CONVERSION = YES;
				CLANG_WARN_OBJC_ROOT_CLASS = YES_ERROR;
				CLANG_WARN_UNREACHABLE_CODE = YES;
				CLANG_WARN__DUPLICATE_METHOD_MATCH = YES;
				"CODE_SIGN_IDENTITY[sdk=iphoneos*]" = "iPhone Developer";
				COPY_PHASE_STRIP = NO;
				DEBUG_INFORMATION_FORMAT = dwarf;
				ENABLE_STRICT_OBJC_MSGSEND = YES;
				ENABLE_TESTABILITY = YES;
				GCC_C_LANGUAGE_STANDARD = gnu99;
				GCC_DYNAMIC_NO_PIC = NO;
				GCC_NO_COMMON_BLOCKS = YES;
				GCC_OPTIMIZATION_LEVEL = 0;
				GCC_PREPROCESSOR_DEFINITIONS = (
					"DEBUG=1",
					"$(inherited)",
				);
				GCC_WARN_64_TO_32_BIT_CONVERSION = YES;
				GCC_WARN_ABOUT_RETURN_TYPE = YES_ERROR;
				GCC_WARN_UNDECLARED_SELECTOR = YES;
				GCC_WARN_UNINITIALIZED_AUTOS = YES_AGGRESSIVE;
				GCC_WARN_UNUSED_FUNCTION = YES;
				GCC_WARN_UNUSED_VARIABLE = YES;
				IPHONEOS_DEPLOYMENT_TARGET = 10.0;
				MTL_ENABLE_DEBUG_INFO = YES;
				ONLY_ACTIVE_ARCH = YES;
				SDKROOT = iphoneos;
				SWIFT_ACTIVE_COMPILATION_CONDITIONS = DEBUG;
				SWIFT_OPTIMIZATION_LEVEL = "-Onone";
			};
			name = Debug;
		};
		2479FC7D1D47CACA001B5294 /* Release */ = {
			isa = XCBuildConfiguration;
			buildSettings = {
				ALWAYS_SEARCH_USER_PATHS = NO;
				CLANG_ANALYZER_NONNULL = YES;
				CLANG_CXX_LANGUAGE_STANDARD = "gnu++0x";
				CLANG_CXX_LIBRARY = "libc++";
				CLANG_ENABLE_MODULES = YES;
				CLANG_ENABLE_OBJC_ARC = YES;
				CLANG_WARN_BOOL_CONVERSION = YES;
				CLANG_WARN_CONSTANT_CONVERSION = YES;
				CLANG_WARN_DIRECT_OBJC_ISA_USAGE = YES_ERROR;
				CLANG_WARN_DOCUMENTATION_COMMENTS = YES;
				CLANG_WARN_EMPTY_BODY = YES;
				CLANG_WARN_ENUM_CONVERSION = YES;
				CLANG_WARN_INT_CONVERSION = YES;
				CLANG_WARN_OBJC_ROOT_CLASS = YES_ERROR;
				CLANG_WARN_UNREACHABLE_CODE = YES;
				CLANG_WARN__DUPLICATE_METHOD_MATCH = YES;
				"CODE_SIGN_IDENTITY[sdk=iphoneos*]" = "iPhone Developer";
				COPY_PHASE_STRIP = NO;
				DEBUG_INFORMATION_FORMAT = "dwarf-with-dsym";
				ENABLE_NS_ASSERTIONS = NO;
				ENABLE_STRICT_OBJC_MSGSEND = YES;
				GCC_C_LANGUAGE_STANDARD = gnu99;
				GCC_NO_COMMON_BLOCKS = YES;
				GCC_WARN_64_TO_32_BIT_CONVERSION = YES;
				GCC_WARN_ABOUT_RETURN_TYPE = YES_ERROR;
				GCC_WARN_UNDECLARED_SELECTOR = YES;
				GCC_WARN_UNINITIALIZED_AUTOS = YES_AGGRESSIVE;
				GCC_WARN_UNUSED_FUNCTION = YES;
				GCC_WARN_UNUSED_VARIABLE = YES;
				IPHONEOS_DEPLOYMENT_TARGET = 10.0;
				MTL_ENABLE_DEBUG_INFO = NO;
				SDKROOT = iphoneos;
				SWIFT_OPTIMIZATION_LEVEL = "-Owholemodule";
				VALIDATE_PRODUCT = YES;
			};
			name = Release;
		};
		2479FC7F1D47CACA001B5294 /* Debug */ = {
			isa = XCBuildConfiguration;
			buildSettings = {
				ASSETCATALOG_COMPILER_APPICON_NAME = AppIcon;
				INFOPLIST_FILE = "How Old Are You/Info.plist";
				LD_RUNPATH_SEARCH_PATHS = "$(inherited) @executable_path/Frameworks";
				PRODUCT_BUNDLE_IDENTIFIER = "com.parthmdesai.How-Old-Are-You";
				PRODUCT_NAME = "$(TARGET_NAME)";
				SWIFT_VERSION = 3.0;
			};
			name = Debug;
		};
		2479FC801D47CACA001B5294 /* Release */ = {
			isa = XCBuildConfiguration;
			buildSettings = {
				ASSETCATALOG_COMPILER_APPICON_NAME = AppIcon;
				INFOPLIST_FILE = "How Old Are You/Info.plist";
				LD_RUNPATH_SEARCH_PATHS = "$(inherited) @executable_path/Frameworks";
				PRODUCT_BUNDLE_IDENTIFIER = "com.parthmdesai.How-Old-Are-You";
				PRODUCT_NAME = "$(TARGET_NAME)";
				SWIFT_VERSION = 3.0;
			};
			name = Release;
		};
/* End XCBuildConfiguration section */

/* Begin XCConfigurationList section */
		2479FC671D47CACA001B5294 /* Build configuration list for PBXProject "How Old Are You" */ = {
			isa = XCConfigurationList;
			buildConfigurations = (
				2479FC7C1D47CACA001B5294 /* Debug */,
				2479FC7D1D47CACA001B5294 /* Release */,
			);
			defaultConfigurationIsVisible = 0;
			defaultConfigurationName = Release;
		};
		2479FC7E1D47CACA001B5294 /* Build configuration list for PBXNativeTarget "How Old Are You" */ = {
			isa = XCConfigurationList;
			buildConfigurations = (
				2479FC7F1D47CACA001B5294 /* Debug */,
				2479FC801D47CACA001B5294 /* Release */,
			);
			defaultConfigurationIsVisible = 0;
		};
/* End XCConfigurationList section */
	};
	rootObject = 2479FC641D47CACA001B5294 /* Project object */;
}
